// !$*UTF8*$!
{
	archiveVersion = 1;
	classes = {
	};
	objectVersion = 46;
	objects = {

/* Begin PBXBuildFile section */
		003AD12C138ABF7D00CB3CB5 /* VariableValueViewController.m in Sources */ = {isa = PBXBuildFile; fileRef = 003AD12B138ABF7D00CB3CB5 /* VariableValueViewController.m */; };
		003AD130138AC84F00CB3CB5 /* CollectionHelper.m in Sources */ = {isa = PBXBuildFile; fileRef = 003AD12F138AC84F00CB3CB5 /* CollectionHelper.m */; };
		003AD133138ACBE800CB3CB5 /* StringValidation.m in Sources */ = {isa = PBXBuildFile; fileRef = 003AD132138ACBE800CB3CB5 /* StringValidation.m */; };
		003AD136138AD88400CB3CB5 /* TableViewHelper.m in Sources */ = {isa = PBXBuildFile; fileRef = 003AD135138AD88400CB3CB5 /* TableViewHelper.m */; };
		003AD139138AF55D00CB3CB5 /* NumberHelper.m in Sources */ = {isa = PBXBuildFile; fileRef = 003AD138138AF55C00CB3CB5 /* NumberHelper.m */; };
		003AD14C138C352200CB3CB5 /* TextFieldCell.m in Sources */ = {isa = PBXBuildFile; fileRef = 003AD14B138C352100CB3CB5 /* TextFieldCell.m */; };
		003AD14E138C354800CB3CB5 /* TextFieldCell.xib in Resources */ = {isa = PBXBuildFile; fileRef = 003AD14D138C354700CB3CB5 /* TextFieldCell.xib */; };
		003AD150138C6CA900CB3CB5 /* NumberFieldCell.xib in Resources */ = {isa = PBXBuildFile; fileRef = 003AD14F138C6CA600CB3CB5 /* NumberFieldCell.xib */; };
		003AD153138C6D2800CB3CB5 /* NumberFieldCell.m in Sources */ = {isa = PBXBuildFile; fileRef = 003AD152138C6D2600CB3CB5 /* NumberFieldCell.m */; };
		004F5D07136F170500E0C4A3 /* CoreData.framework in Frameworks */ = {isa = PBXBuildFile; fileRef = 004F5D06136F170500E0C4A3 /* CoreData.framework */; };
		004F5D0E136F52D200E0C4A3 /* DataModelController.m in Sources */ = {isa = PBXBuildFile; fileRef = 004F5D0D136F52D200E0C4A3 /* DataModelController.m */; };
		004F5D1113706F7100E0C4A3 /* Input.m in Sources */ = {isa = PBXBuildFile; fileRef = 004F5D1013706F7100E0C4A3 /* Input.m */; };
		004F5D24137079AD00E0C4A3 /* ExpenseInput.m in Sources */ = {isa = PBXBuildFile; fileRef = 004F5D23137079AD00E0C4A3 /* ExpenseInput.m */; };
		004F5D5A1371B3C100E0C4A3 /* DateFieldEditViewController.m in Sources */ = {isa = PBXBuildFile; fileRef = 004F5D581371B3C100E0C4A3 /* DateFieldEditViewController.m */; };
		004F5D5B1371B3C100E0C4A3 /* DateFieldEditViewController.xib in Resources */ = {isa = PBXBuildFile; fileRef = 004F5D591371B3C100E0C4A3 /* DateFieldEditViewController.xib */; };
		004F5D5F1371BE6C00E0C4A3 /* TextFieldEditViewController.m in Sources */ = {isa = PBXBuildFile; fileRef = 004F5D5D1371BE6B00E0C4A3 /* TextFieldEditViewController.m */; };
		004F5D601371BE6C00E0C4A3 /* TextFieldEditViewController.xib in Resources */ = {isa = PBXBuildFile; fileRef = 004F5D5E1371BE6C00E0C4A3 /* TextFieldEditViewController.xib */; };
		004F5D641371DD0A00E0C4A3 /* NumberFieldEditViewController.m in Sources */ = {isa = PBXBuildFile; fileRef = 004F5D621371DD0900E0C4A3 /* NumberFieldEditViewController.m */; };
		004F5D651371DD0A00E0C4A3 /* NumberFieldEditViewController.xib in Resources */ = {isa = PBXBuildFile; fileRef = 004F5D631371DD0900E0C4A3 /* NumberFieldEditViewController.xib */; };
		004F5D741373191600E0C4A3 /* ResultsViewController.m in Sources */ = {isa = PBXBuildFile; fileRef = 004F5D721373191600E0C4A3 /* ResultsViewController.m */; };
		004F5D751373191600E0C4A3 /* ResultsViewController.xib in Resources */ = {isa = PBXBuildFile; fileRef = 004F5D731373191600E0C4A3 /* ResultsViewController.xib */; };
		004F5D8013733BC100E0C4A3 /* SimEngine.m in Sources */ = {isa = PBXBuildFile; fileRef = 004F5D7F13733BC100E0C4A3 /* SimEngine.m */; };
		004F5D8B1374566200E0C4A3 /* TestSimEngine.m in Sources */ = {isa = PBXBuildFile; fileRef = 004F5D8A1374566200E0C4A3 /* TestSimEngine.m */; };
		004F5D8E13745ADC00E0C4A3 /* TestSimEventCreator.m in Sources */ = {isa = PBXBuildFile; fileRef = 004F5D8D13745ADC00E0C4A3 /* TestSimEventCreator.m */; };
		004F5D9713749AB300E0C4A3 /* TestSimEvent.m in Sources */ = {isa = PBXBuildFile; fileRef = 004F5D9613749AB300E0C4A3 /* TestSimEvent.m */; };
		005731EF13787AFD008D13C1 /* CashFlowSimEventCreator.m in Sources */ = {isa = PBXBuildFile; fileRef = 005731EE13787AFD008D13C1 /* CashFlowSimEventCreator.m */; };
		005731F213787E37008D13C1 /* CashFlowInputSimEvent.m in Sources */ = {isa = PBXBuildFile; fileRef = 005731F113787E37008D13C1 /* CashFlowInputSimEvent.m */; };
		005731F51379AFC0008D13C1 /* EventRepeatFrequency.m in Sources */ = {isa = PBXBuildFile; fileRef = 005731F41379AFC0008D13C1 /* EventRepeatFrequency.m */; };
		005731F91379D42B008D13C1 /* RepeatFrequencyEditViewController.m in Sources */ = {isa = PBXBuildFile; fileRef = 005731F71379D42B008D13C1 /* RepeatFrequencyEditViewController.m */; };
		00637A791385D4BC001E02F1 /* DateSensitiveValue.m in Sources */ = {isa = PBXBuildFile; fileRef = 00637A781385D4BC001E02F1 /* DateSensitiveValue.m */; };
		00637A7C1385D4D9001E02F1 /* DateSensitiveValueChange.m in Sources */ = {isa = PBXBuildFile; fileRef = 00637A7B1385D4D9001E02F1 /* DateSensitiveValueChange.m */; };
		00637A7F1385D4FA001E02F1 /* VariableValue.m in Sources */ = {isa = PBXBuildFile; fileRef = 00637A7E1385D4FA001E02F1 /* VariableValue.m */; };
		00637A821385D509001E02F1 /* FixedValue.m in Sources */ = {isa = PBXBuildFile; fileRef = 00637A811385D509001E02F1 /* FixedValue.m */; };
		00637A851385D824001E02F1 /* DateSensitiveValueFieldEditInfo.m in Sources */ = {isa = PBXBuildFile; fileRef = 00637A841385D824001E02F1 /* DateSensitiveValueFieldEditInfo.m */; };
		00637A881385DCF2001E02F1 /* DateSensitiveValueFieldEditViewController.m in Sources */ = {isa = PBXBuildFile; fileRef = 00637A871385DCF2001E02F1 /* DateSensitiveValueFieldEditViewController.m */; };
		00637A8B1386D99A001E02F1 /* InflationRate.m in Sources */ = {isa = PBXBuildFile; fileRef = 00637A8A1386D99A001E02F1 /* InflationRate.m */; };
		00A36BD6136C6CAE008A5C4C /* UIKit.framework in Frameworks */ = {isa = PBXBuildFile; fileRef = 00A36BD5136C6CAE008A5C4C /* UIKit.framework */; };
		00A36BD8136C6CAE008A5C4C /* Foundation.framework in Frameworks */ = {isa = PBXBuildFile; fileRef = 00A36BD7136C6CAE008A5C4C /* Foundation.framework */; };
		00A36BDA136C6CAE008A5C4C /* CoreGraphics.framework in Frameworks */ = {isa = PBXBuildFile; fileRef = 00A36BD9136C6CAE008A5C4C /* CoreGraphics.framework */; };
		00A36BE0136C6CAE008A5C4C /* InfoPlist.strings in Resources */ = {isa = PBXBuildFile; fileRef = 00A36BDE136C6CAE008A5C4C /* InfoPlist.strings */; };
		00A36BE3136C6CAE008A5C4C /* main.m in Sources */ = {isa = PBXBuildFile; fileRef = 00A36BE2136C6CAE008A5C4C /* main.m */; };
		00A36BE6136C6CAE008A5C4C /* Retirement_SimulatorAppDelegate.m in Sources */ = {isa = PBXBuildFile; fileRef = 00A36BE5136C6CAE008A5C4C /* Retirement_SimulatorAppDelegate.m */; };
		00A36BE9136C6CAE008A5C4C /* MainWindow.xib in Resources */ = {isa = PBXBuildFile; fileRef = 00A36BE7136C6CAE008A5C4C /* MainWindow.xib */; };
		00A36BFC136C6CAE008A5C4C /* UIKit.framework in Frameworks */ = {isa = PBXBuildFile; fileRef = 00A36BD5136C6CAE008A5C4C /* UIKit.framework */; };
		00A36BFD136C6CAE008A5C4C /* Foundation.framework in Frameworks */ = {isa = PBXBuildFile; fileRef = 00A36BD7136C6CAE008A5C4C /* Foundation.framework */; };
		00A36BFE136C6CAE008A5C4C /* CoreGraphics.framework in Frameworks */ = {isa = PBXBuildFile; fileRef = 00A36BD9136C6CAE008A5C4C /* CoreGraphics.framework */; };
		00A36C06136C6CAE008A5C4C /* InfoPlist.strings in Resources */ = {isa = PBXBuildFile; fileRef = 00A36C04136C6CAE008A5C4C /* InfoPlist.strings */; };
		00A36C09136C6CAE008A5C4C /* Retirement_SimulatorTests.h in Resources */ = {isa = PBXBuildFile; fileRef = 00A36C08136C6CAE008A5C4C /* Retirement_SimulatorTests.h */; };
		00A36C0B136C6CAE008A5C4C /* Retirement_SimulatorTests.m in Sources */ = {isa = PBXBuildFile; fileRef = 00A36C0A136C6CAE008A5C4C /* Retirement_SimulatorTests.m */; };
		00A36C17136D9723008A5C4C /* InputViewController.m in Sources */ = {isa = PBXBuildFile; fileRef = 00A36C15136D9723008A5C4C /* InputViewController.m */; };
		00A36C18136D9723008A5C4C /* InputViewController.xib in Resources */ = {isa = PBXBuildFile; fileRef = 00A36C16136D9723008A5C4C /* InputViewController.xib */; };
		00ADB2ED138191B700064651 /* RepeatFrequencyFieldEditInfo.m in Sources */ = {isa = PBXBuildFile; fileRef = 00ADB2EC138191B700064651 /* RepeatFrequencyFieldEditInfo.m */; };
		00ADB2F1138199BC00064651 /* ManagedObjectFieldEditInfo.m in Sources */ = {isa = PBXBuildFile; fileRef = 00ADB2F0138199BB00064651 /* ManagedObjectFieldEditInfo.m */; };
		00ADB2F413819ED500064651 /* FieldEditViewController.m in Sources */ = {isa = PBXBuildFile; fileRef = 00ADB2F313819ED500064651 /* FieldEditViewController.m */; };
		00ADB2F71381B33A00064651 /* FieldEditTableViewController.m in Sources */ = {isa = PBXBuildFile; fileRef = 00ADB2F61381B33900064651 /* FieldEditTableViewController.m */; };
		00ADB2FE1381C1E000064651 /* GenericFieldBasedTableEditViewController.m in Sources */ = {isa = PBXBuildFile; fileRef = 00ADB2FC1381C1DD00064651 /* GenericFieldBasedTableEditViewController.m */; };
		00ADB3031382D1BF00064651 /* DetailInputViewCreator.m in Sources */ = {isa = PBXBuildFile; fileRef = 00ADB3021382D1BE00064651 /* DetailInputViewCreator.m */; };
		00ADB3111383220E00064651 /* DataModel.xcdatamodeld in Sources */ = {isa = PBXBuildFile; fileRef = 00ADB30F1383220E00064651 /* DataModel.xcdatamodeld */; };
		00ADB3141383705300064651 /* InputEventCreatorCreator.m in Sources */ = {isa = PBXBuildFile; fileRef = 00ADB3131383705300064651 /* InputEventCreatorCreator.m */; };
		00ADB31713842FCA00064651 /* CashFlowInput.m in Sources */ = {isa = PBXBuildFile; fileRef = 00ADB31613842FC800064651 /* CashFlowInput.m */; };
		00ADB31A1384330800064651 /* IncomeInput.m in Sources */ = {isa = PBXBuildFile; fileRef = 00ADB3191384330700064651 /* IncomeInput.m */; };
		00ADB31E13844F7100064651 /* InputTypeSelectionViewController.m in Sources */ = {isa = PBXBuildFile; fileRef = 00ADB31C13844F7000064651 /* InputTypeSelectionViewController.m */; };
		00ADB3221384521000064651 /* InputTypeSelectionInfo.m in Sources */ = {isa = PBXBuildFile; fileRef = 00ADB3211384520F00064651 /* InputTypeSelectionInfo.m */; };
		00F42097137B510A00980A88 /* EventRepeater.m in Sources */ = {isa = PBXBuildFile; fileRef = 00F42096137B510A00980A88 /* EventRepeater.m */; };
		00F420A0137DC04900980A88 /* DateFieldEditInfo.m in Sources */ = {isa = PBXBuildFile; fileRef = 00F4209F137DC04800980A88 /* DateFieldEditInfo.m */; };
		00F420A3137DD45500980A88 /* NumberFieldEditInfo.m in Sources */ = {isa = PBXBuildFile; fileRef = 00F420A2137DD45500980A88 /* NumberFieldEditInfo.m */; };
		00F420A6137DD5C100980A88 /* TextFieldEditInfo.m in Sources */ = {isa = PBXBuildFile; fileRef = 00F420A5137DD5C100980A88 /* TextFieldEditInfo.m */; };
		00F420A9137DDBD000980A88 /* ManagedObjectFieldInfo.m in Sources */ = {isa = PBXBuildFile; fileRef = 00F420A8137DDBCF00980A88 /* ManagedObjectFieldInfo.m */; };
/* End PBXBuildFile section */

/* Begin PBXContainerItemProxy section */
		00A36BFF136C6CAE008A5C4C /* PBXContainerItemProxy */ = {
			isa = PBXContainerItemProxy;
			containerPortal = 00A36BC8136C6CAD008A5C4C /* Project object */;
			proxyType = 1;
			remoteGlobalIDString = 00A36BD0136C6CAE008A5C4C;
			remoteInfo = "Retirement Simulator";
		};
/* End PBXContainerItemProxy section */

/* Begin PBXFileReference section */
		003AD12A138ABF7D00CB3CB5 /* VariableValueViewController.h */ = {isa = PBXFileReference; fileEncoding = 4; lastKnownFileType = sourcecode.c.h; path = VariableValueViewController.h; sourceTree = "<group>"; };
		003AD12B138ABF7D00CB3CB5 /* VariableValueViewController.m */ = {isa = PBXFileReference; fileEncoding = 4; lastKnownFileType = sourcecode.c.objc; path = VariableValueViewController.m; sourceTree = "<group>"; };
		003AD12E138AC84F00CB3CB5 /* CollectionHelper.h */ = {isa = PBXFileReference; fileEncoding = 4; lastKnownFileType = sourcecode.c.h; path = CollectionHelper.h; sourceTree = "<group>"; };
		003AD12F138AC84F00CB3CB5 /* CollectionHelper.m */ = {isa = PBXFileReference; fileEncoding = 4; lastKnownFileType = sourcecode.c.objc; path = CollectionHelper.m; sourceTree = "<group>"; };
		003AD131138ACBE800CB3CB5 /* StringValidation.h */ = {isa = PBXFileReference; fileEncoding = 4; lastKnownFileType = sourcecode.c.h; path = StringValidation.h; sourceTree = "<group>"; };
		003AD132138ACBE800CB3CB5 /* StringValidation.m */ = {isa = PBXFileReference; fileEncoding = 4; lastKnownFileType = sourcecode.c.objc; path = StringValidation.m; sourceTree = "<group>"; };
		003AD134138AD88400CB3CB5 /* TableViewHelper.h */ = {isa = PBXFileReference; fileEncoding = 4; lastKnownFileType = sourcecode.c.h; path = TableViewHelper.h; sourceTree = "<group>"; };
		003AD135138AD88400CB3CB5 /* TableViewHelper.m */ = {isa = PBXFileReference; fileEncoding = 4; lastKnownFileType = sourcecode.c.objc; path = TableViewHelper.m; sourceTree = "<group>"; };
		003AD137138AF55C00CB3CB5 /* NumberHelper.h */ = {isa = PBXFileReference; fileEncoding = 4; lastKnownFileType = sourcecode.c.h; path = NumberHelper.h; sourceTree = "<group>"; };
		003AD138138AF55C00CB3CB5 /* NumberHelper.m */ = {isa = PBXFileReference; fileEncoding = 4; lastKnownFileType = sourcecode.c.objc; path = NumberHelper.m; sourceTree = "<group>"; };
		003AD14A138C352100CB3CB5 /* TextFieldCell.h */ = {isa = PBXFileReference; fileEncoding = 4; lastKnownFileType = sourcecode.c.h; path = TextFieldCell.h; sourceTree = "<group>"; };
		003AD14B138C352100CB3CB5 /* TextFieldCell.m */ = {isa = PBXFileReference; fileEncoding = 4; lastKnownFileType = sourcecode.c.objc; path = TextFieldCell.m; sourceTree = "<group>"; };
		003AD14D138C354700CB3CB5 /* TextFieldCell.xib */ = {isa = PBXFileReference; fileEncoding = 4; lastKnownFileType = file.xib; path = TextFieldCell.xib; sourceTree = "<group>"; };
		003AD14F138C6CA600CB3CB5 /* NumberFieldCell.xib */ = {isa = PBXFileReference; fileEncoding = 4; lastKnownFileType = file.xib; path = NumberFieldCell.xib; sourceTree = "<group>"; };
		003AD151138C6D2400CB3CB5 /* NumberFieldCell.h */ = {isa = PBXFileReference; fileEncoding = 4; lastKnownFileType = sourcecode.c.h; path = NumberFieldCell.h; sourceTree = "<group>"; };
		003AD152138C6D2600CB3CB5 /* NumberFieldCell.m */ = {isa = PBXFileReference; fileEncoding = 4; lastKnownFileType = sourcecode.c.objc; path = NumberFieldCell.m; sourceTree = "<group>"; };
		004F5D06136F170500E0C4A3 /* CoreData.framework */ = {isa = PBXFileReference; lastKnownFileType = wrapper.framework; name = CoreData.framework; path = System/Library/Frameworks/CoreData.framework; sourceTree = SDKROOT; };
		004F5D0C136F52D200E0C4A3 /* DataModelController.h */ = {isa = PBXFileReference; fileEncoding = 4; lastKnownFileType = sourcecode.c.h; path = DataModelController.h; sourceTree = "<group>"; };
		004F5D0D136F52D200E0C4A3 /* DataModelController.m */ = {isa = PBXFileReference; fileEncoding = 4; lastKnownFileType = sourcecode.c.objc; path = DataModelController.m; sourceTree = "<group>"; };
		004F5D0F13706F7100E0C4A3 /* Input.h */ = {isa = PBXFileReference; fileEncoding = 4; lastKnownFileType = sourcecode.c.h; path = Input.h; sourceTree = "<group>"; };
		004F5D1013706F7100E0C4A3 /* Input.m */ = {isa = PBXFileReference; fileEncoding = 4; lastKnownFileType = sourcecode.c.objc; path = Input.m; sourceTree = "<group>"; };
		004F5D22137079AD00E0C4A3 /* ExpenseInput.h */ = {isa = PBXFileReference; fileEncoding = 4; lastKnownFileType = sourcecode.c.h; path = ExpenseInput.h; sourceTree = "<group>"; };
		004F5D23137079AD00E0C4A3 /* ExpenseInput.m */ = {isa = PBXFileReference; fileEncoding = 4; lastKnownFileType = sourcecode.c.objc; path = ExpenseInput.m; sourceTree = "<group>"; };
		004F5D571371B3C100E0C4A3 /* DateFieldEditViewController.h */ = {isa = PBXFileReference; fileEncoding = 4; lastKnownFileType = sourcecode.c.h; path = DateFieldEditViewController.h; sourceTree = "<group>"; };
		004F5D581371B3C100E0C4A3 /* DateFieldEditViewController.m */ = {isa = PBXFileReference; fileEncoding = 4; lastKnownFileType = sourcecode.c.objc; path = DateFieldEditViewController.m; sourceTree = "<group>"; };
		004F5D591371B3C100E0C4A3 /* DateFieldEditViewController.xib */ = {isa = PBXFileReference; fileEncoding = 4; lastKnownFileType = file.xib; path = DateFieldEditViewController.xib; sourceTree = "<group>"; };
		004F5D5C1371BE6B00E0C4A3 /* TextFieldEditViewController.h */ = {isa = PBXFileReference; fileEncoding = 4; lastKnownFileType = sourcecode.c.h; path = TextFieldEditViewController.h; sourceTree = "<group>"; };
		004F5D5D1371BE6B00E0C4A3 /* TextFieldEditViewController.m */ = {isa = PBXFileReference; fileEncoding = 4; lastKnownFileType = sourcecode.c.objc; path = TextFieldEditViewController.m; sourceTree = "<group>"; };
		004F5D5E1371BE6C00E0C4A3 /* TextFieldEditViewController.xib */ = {isa = PBXFileReference; fileEncoding = 4; lastKnownFileType = file.xib; path = TextFieldEditViewController.xib; sourceTree = "<group>"; };
		004F5D611371DD0900E0C4A3 /* NumberFieldEditViewController.h */ = {isa = PBXFileReference; fileEncoding = 4; lastKnownFileType = sourcecode.c.h; path = NumberFieldEditViewController.h; sourceTree = "<group>"; };
		004F5D621371DD0900E0C4A3 /* NumberFieldEditViewController.m */ = {isa = PBXFileReference; fileEncoding = 4; lastKnownFileType = sourcecode.c.objc; path = NumberFieldEditViewController.m; sourceTree = "<group>"; };
		004F5D631371DD0900E0C4A3 /* NumberFieldEditViewController.xib */ = {isa = PBXFileReference; fileEncoding = 4; lastKnownFileType = file.xib; path = NumberFieldEditViewController.xib; sourceTree = "<group>"; };
		004F5D711373191600E0C4A3 /* ResultsViewController.h */ = {isa = PBXFileReference; fileEncoding = 4; lastKnownFileType = sourcecode.c.h; path = ResultsViewController.h; sourceTree = "<group>"; };
		004F5D721373191600E0C4A3 /* ResultsViewController.m */ = {isa = PBXFileReference; fileEncoding = 4; lastKnownFileType = sourcecode.c.objc; path = ResultsViewController.m; sourceTree = "<group>"; };
		004F5D731373191600E0C4A3 /* ResultsViewController.xib */ = {isa = PBXFileReference; fileEncoding = 4; lastKnownFileType = file.xib; path = ResultsViewController.xib; sourceTree = "<group>"; };
		004F5D791373376900E0C4A3 /* SimEventCreator.h */ = {isa = PBXFileReference; fileEncoding = 4; lastKnownFileType = sourcecode.c.h; path = SimEventCreator.h; sourceTree = "<group>"; };
		004F5D7A137337F700E0C4A3 /* SimEvent.h */ = {isa = PBXFileReference; fileEncoding = 4; lastKnownFileType = sourcecode.c.h; path = SimEvent.h; sourceTree = "<group>"; };
		004F5D7E13733BC100E0C4A3 /* SimEngine.h */ = {isa = PBXFileReference; fileEncoding = 4; lastKnownFileType = sourcecode.c.h; path = SimEngine.h; sourceTree = "<group>"; };
		004F5D7F13733BC100E0C4A3 /* SimEngine.m */ = {isa = PBXFileReference; fileEncoding = 4; lastKnownFileType = sourcecode.c.objc; path = SimEngine.m; sourceTree = "<group>"; };
		004F5D891374566200E0C4A3 /* TestSimEngine.h */ = {isa = PBXFileReference; fileEncoding = 4; lastKnownFileType = sourcecode.c.h; path = TestSimEngine.h; sourceTree = "<group>"; };
		004F5D8A1374566200E0C4A3 /* TestSimEngine.m */ = {isa = PBXFileReference; fileEncoding = 4; lastKnownFileType = sourcecode.c.objc; path = TestSimEngine.m; sourceTree = "<group>"; };
		004F5D8C13745ADB00E0C4A3 /* TestSimEventCreator.h */ = {isa = PBXFileReference; fileEncoding = 4; lastKnownFileType = sourcecode.c.h; path = TestSimEventCreator.h; sourceTree = "<group>"; };
		004F5D8D13745ADC00E0C4A3 /* TestSimEventCreator.m */ = {isa = PBXFileReference; fileEncoding = 4; lastKnownFileType = sourcecode.c.objc; path = TestSimEventCreator.m; sourceTree = "<group>"; };
		004F5D9513749AB300E0C4A3 /* TestSimEvent.h */ = {isa = PBXFileReference; fileEncoding = 4; lastKnownFileType = sourcecode.c.h; path = TestSimEvent.h; sourceTree = "<group>"; };
		004F5D9613749AB300E0C4A3 /* TestSimEvent.m */ = {isa = PBXFileReference; fileEncoding = 4; lastKnownFileType = sourcecode.c.objc; path = TestSimEvent.m; sourceTree = "<group>"; };
		005731ED13787AFD008D13C1 /* CashFlowSimEventCreator.h */ = {isa = PBXFileReference; fileEncoding = 4; lastKnownFileType = sourcecode.c.h; path = CashFlowSimEventCreator.h; sourceTree = "<group>"; };
		005731EE13787AFD008D13C1 /* CashFlowSimEventCreator.m */ = {isa = PBXFileReference; fileEncoding = 4; lastKnownFileType = sourcecode.c.objc; path = CashFlowSimEventCreator.m; sourceTree = "<group>"; };
		005731F013787E37008D13C1 /* CashFlowInputSimEvent.h */ = {isa = PBXFileReference; fileEncoding = 4; lastKnownFileType = sourcecode.c.h; path = CashFlowInputSimEvent.h; sourceTree = "<group>"; };
		005731F113787E37008D13C1 /* CashFlowInputSimEvent.m */ = {isa = PBXFileReference; fileEncoding = 4; lastKnownFileType = sourcecode.c.objc; path = CashFlowInputSimEvent.m; sourceTree = "<group>"; };
		005731F31379AFBF008D13C1 /* EventRepeatFrequency.h */ = {isa = PBXFileReference; fileEncoding = 4; lastKnownFileType = sourcecode.c.h; path = EventRepeatFrequency.h; sourceTree = "<group>"; };
		005731F41379AFC0008D13C1 /* EventRepeatFrequency.m */ = {isa = PBXFileReference; fileEncoding = 4; lastKnownFileType = sourcecode.c.objc; path = EventRepeatFrequency.m; sourceTree = "<group>"; };
		005731F61379D42B008D13C1 /* RepeatFrequencyEditViewController.h */ = {isa = PBXFileReference; fileEncoding = 4; lastKnownFileType = sourcecode.c.h; path = RepeatFrequencyEditViewController.h; sourceTree = "<group>"; };
		005731F71379D42B008D13C1 /* RepeatFrequencyEditViewController.m */ = {isa = PBXFileReference; fileEncoding = 4; lastKnownFileType = sourcecode.c.objc; path = RepeatFrequencyEditViewController.m; sourceTree = "<group>"; };
		00637A771385D4BC001E02F1 /* DateSensitiveValue.h */ = {isa = PBXFileReference; fileEncoding = 4; lastKnownFileType = sourcecode.c.h; path = DateSensitiveValue.h; sourceTree = "<group>"; };
		00637A781385D4BC001E02F1 /* DateSensitiveValue.m */ = {isa = PBXFileReference; fileEncoding = 4; lastKnownFileType = sourcecode.c.objc; path = DateSensitiveValue.m; sourceTree = "<group>"; };
		00637A7A1385D4D9001E02F1 /* DateSensitiveValueChange.h */ = {isa = PBXFileReference; fileEncoding = 4; lastKnownFileType = sourcecode.c.h; path = DateSensitiveValueChange.h; sourceTree = "<group>"; };
		00637A7B1385D4D9001E02F1 /* DateSensitiveValueChange.m */ = {isa = PBXFileReference; fileEncoding = 4; lastKnownFileType = sourcecode.c.objc; path = DateSensitiveValueChange.m; sourceTree = "<group>"; };
		00637A7D1385D4FA001E02F1 /* VariableValue.h */ = {isa = PBXFileReference; fileEncoding = 4; lastKnownFileType = sourcecode.c.h; path = VariableValue.h; sourceTree = "<group>"; };
		00637A7E1385D4FA001E02F1 /* VariableValue.m */ = {isa = PBXFileReference; fileEncoding = 4; lastKnownFileType = sourcecode.c.objc; path = VariableValue.m; sourceTree = "<group>"; };
		00637A801385D509001E02F1 /* FixedValue.h */ = {isa = PBXFileReference; fileEncoding = 4; lastKnownFileType = sourcecode.c.h; path = FixedValue.h; sourceTree = "<group>"; };
		00637A811385D509001E02F1 /* FixedValue.m */ = {isa = PBXFileReference; fileEncoding = 4; lastKnownFileType = sourcecode.c.objc; path = FixedValue.m; sourceTree = "<group>"; };
		00637A831385D824001E02F1 /* DateSensitiveValueFieldEditInfo.h */ = {isa = PBXFileReference; fileEncoding = 4; lastKnownFileType = sourcecode.c.h; path = DateSensitiveValueFieldEditInfo.h; sourceTree = "<group>"; };
		00637A841385D824001E02F1 /* DateSensitiveValueFieldEditInfo.m */ = {isa = PBXFileReference; fileEncoding = 4; lastKnownFileType = sourcecode.c.objc; path = DateSensitiveValueFieldEditInfo.m; sourceTree = "<group>"; };
		00637A861385DCF2001E02F1 /* DateSensitiveValueFieldEditViewController.h */ = {isa = PBXFileReference; fileEncoding = 4; lastKnownFileType = sourcecode.c.h; path = DateSensitiveValueFieldEditViewController.h; sourceTree = "<group>"; };
		00637A871385DCF2001E02F1 /* DateSensitiveValueFieldEditViewController.m */ = {isa = PBXFileReference; fileEncoding = 4; lastKnownFileType = sourcecode.c.objc; path = DateSensitiveValueFieldEditViewController.m; sourceTree = "<group>"; };
		00637A891386D999001E02F1 /* InflationRate.h */ = {isa = PBXFileReference; fileEncoding = 4; lastKnownFileType = sourcecode.c.h; path = InflationRate.h; sourceTree = "<group>"; };
		00637A8A1386D99A001E02F1 /* InflationRate.m */ = {isa = PBXFileReference; fileEncoding = 4; lastKnownFileType = sourcecode.c.objc; path = InflationRate.m; sourceTree = "<group>"; };
		00A36BD1136C6CAE008A5C4C /* Retirement Simulator.app */ = {isa = PBXFileReference; explicitFileType = wrapper.application; includeInIndex = 0; path = "Retirement Simulator.app"; sourceTree = BUILT_PRODUCTS_DIR; };
		00A36BD5136C6CAE008A5C4C /* UIKit.framework */ = {isa = PBXFileReference; lastKnownFileType = wrapper.framework; name = UIKit.framework; path = System/Library/Frameworks/UIKit.framework; sourceTree = SDKROOT; };
		00A36BD7136C6CAE008A5C4C /* Foundation.framework */ = {isa = PBXFileReference; lastKnownFileType = wrapper.framework; name = Foundation.framework; path = System/Library/Frameworks/Foundation.framework; sourceTree = SDKROOT; };
		00A36BD9136C6CAE008A5C4C /* CoreGraphics.framework */ = {isa = PBXFileReference; lastKnownFileType = wrapper.framework; name = CoreGraphics.framework; path = System/Library/Frameworks/CoreGraphics.framework; sourceTree = SDKROOT; };
		00A36BDD136C6CAE008A5C4C /* Retirement Simulator-Info.plist */ = {isa = PBXFileReference; lastKnownFileType = text.plist.xml; path = "Retirement Simulator-Info.plist"; sourceTree = "<group>"; };
		00A36BDF136C6CAE008A5C4C /* en */ = {isa = PBXFileReference; lastKnownFileType = text.plist.strings; name = en; path = en.lproj/InfoPlist.strings; sourceTree = "<group>"; };
		00A36BE1136C6CAE008A5C4C /* Retirement Simulator-Prefix.pch */ = {isa = PBXFileReference; lastKnownFileType = sourcecode.c.h; path = "Retirement Simulator-Prefix.pch"; sourceTree = "<group>"; };
		00A36BE2136C6CAE008A5C4C /* main.m */ = {isa = PBXFileReference; lastKnownFileType = sourcecode.c.objc; path = main.m; sourceTree = "<group>"; };
		00A36BE4136C6CAE008A5C4C /* Retirement_SimulatorAppDelegate.h */ = {isa = PBXFileReference; lastKnownFileType = sourcecode.c.h; path = Retirement_SimulatorAppDelegate.h; sourceTree = "<group>"; };
		00A36BE5136C6CAE008A5C4C /* Retirement_SimulatorAppDelegate.m */ = {isa = PBXFileReference; lastKnownFileType = sourcecode.c.objc; path = Retirement_SimulatorAppDelegate.m; sourceTree = "<group>"; };
		00A36BE8136C6CAE008A5C4C /* en */ = {isa = PBXFileReference; lastKnownFileType = file.xib; name = en; path = en.lproj/MainWindow.xib; sourceTree = "<group>"; };
		00A36BFB136C6CAE008A5C4C /* Retirement SimulatorTests.octest */ = {isa = PBXFileReference; explicitFileType = wrapper.cfbundle; includeInIndex = 0; path = "Retirement SimulatorTests.octest"; sourceTree = BUILT_PRODUCTS_DIR; };
		00A36C03136C6CAE008A5C4C /* Retirement SimulatorTests-Info.plist */ = {isa = PBXFileReference; lastKnownFileType = text.plist.xml; path = "Retirement SimulatorTests-Info.plist"; sourceTree = "<group>"; };
		00A36C05136C6CAE008A5C4C /* en */ = {isa = PBXFileReference; lastKnownFileType = text.plist.strings; name = en; path = en.lproj/InfoPlist.strings; sourceTree = "<group>"; };
		00A36C07136C6CAE008A5C4C /* Retirement SimulatorTests-Prefix.pch */ = {isa = PBXFileReference; lastKnownFileType = sourcecode.c.h; path = "Retirement SimulatorTests-Prefix.pch"; sourceTree = "<group>"; };
		00A36C08136C6CAE008A5C4C /* Retirement_SimulatorTests.h */ = {isa = PBXFileReference; lastKnownFileType = sourcecode.c.h; path = Retirement_SimulatorTests.h; sourceTree = "<group>"; };
		00A36C0A136C6CAE008A5C4C /* Retirement_SimulatorTests.m */ = {isa = PBXFileReference; lastKnownFileType = sourcecode.c.objc; path = Retirement_SimulatorTests.m; sourceTree = "<group>"; };
		00A36C14136D9723008A5C4C /* InputViewController.h */ = {isa = PBXFileReference; fileEncoding = 4; lastKnownFileType = sourcecode.c.h; path = InputViewController.h; sourceTree = "<group>"; };
		00A36C15136D9723008A5C4C /* InputViewController.m */ = {isa = PBXFileReference; fileEncoding = 4; lastKnownFileType = sourcecode.c.objc; path = InputViewController.m; sourceTree = "<group>"; };
		00A36C16136D9723008A5C4C /* InputViewController.xib */ = {isa = PBXFileReference; fileEncoding = 4; lastKnownFileType = file.xib; path = InputViewController.xib; sourceTree = "<group>"; };
		00ADB2EB138191B700064651 /* RepeatFrequencyFieldEditInfo.h */ = {isa = PBXFileReference; fileEncoding = 4; lastKnownFileType = sourcecode.c.h; path = RepeatFrequencyFieldEditInfo.h; sourceTree = "<group>"; };
		00ADB2EC138191B700064651 /* RepeatFrequencyFieldEditInfo.m */ = {isa = PBXFileReference; fileEncoding = 4; lastKnownFileType = sourcecode.c.objc; path = RepeatFrequencyFieldEditInfo.m; sourceTree = "<group>"; };
		00ADB2EF138199BB00064651 /* ManagedObjectFieldEditInfo.h */ = {isa = PBXFileReference; fileEncoding = 4; lastKnownFileType = sourcecode.c.h; path = ManagedObjectFieldEditInfo.h; sourceTree = "<group>"; };
		00ADB2F0138199BB00064651 /* ManagedObjectFieldEditInfo.m */ = {isa = PBXFileReference; fileEncoding = 4; lastKnownFileType = sourcecode.c.objc; path = ManagedObjectFieldEditInfo.m; sourceTree = "<group>"; };
		00ADB2F213819ED400064651 /* FieldEditViewController.h */ = {isa = PBXFileReference; fileEncoding = 4; lastKnownFileType = sourcecode.c.h; path = FieldEditViewController.h; sourceTree = "<group>"; };
		00ADB2F313819ED500064651 /* FieldEditViewController.m */ = {isa = PBXFileReference; fileEncoding = 4; lastKnownFileType = sourcecode.c.objc; path = FieldEditViewController.m; sourceTree = "<group>"; };
		00ADB2F51381B33800064651 /* FieldEditTableViewController.h */ = {isa = PBXFileReference; fileEncoding = 4; lastKnownFileType = sourcecode.c.h; path = FieldEditTableViewController.h; sourceTree = "<group>"; };
		00ADB2F61381B33900064651 /* FieldEditTableViewController.m */ = {isa = PBXFileReference; fileEncoding = 4; lastKnownFileType = sourcecode.c.objc; path = FieldEditTableViewController.m; sourceTree = "<group>"; };
		00ADB2FB1381C1DC00064651 /* GenericFieldBasedTableEditViewController.h */ = {isa = PBXFileReference; fileEncoding = 4; lastKnownFileType = sourcecode.c.h; path = GenericFieldBasedTableEditViewController.h; sourceTree = "<group>"; };
		00ADB2FC1381C1DD00064651 /* GenericFieldBasedTableEditViewController.m */ = {isa = PBXFileReference; fileEncoding = 4; lastKnownFileType = sourcecode.c.objc; path = GenericFieldBasedTableEditViewController.m; sourceTree = "<group>"; };
		00ADB3001382CB2B00064651 /* InputVisitor.h */ = {isa = PBXFileReference; fileEncoding = 4; lastKnownFileType = sourcecode.c.h; path = InputVisitor.h; sourceTree = "<group>"; };
		00ADB3011382D1BE00064651 /* DetailInputViewCreator.h */ = {isa = PBXFileReference; fileEncoding = 4; lastKnownFileType = sourcecode.c.h; path = DetailInputViewCreator.h; sourceTree = "<group>"; };
		00ADB3021382D1BE00064651 /* DetailInputViewCreator.m */ = {isa = PBXFileReference; fileEncoding = 4; lastKnownFileType = sourcecode.c.objc; path = DetailInputViewCreator.m; sourceTree = "<group>"; };
		00ADB3101383220E00064651 /* DataModel.xcdatamodel */ = {isa = PBXFileReference; lastKnownFileType = wrapper.xcdatamodel; path = DataModel.xcdatamodel; sourceTree = "<group>"; };
		00ADB3121383705200064651 /* InputEventCreatorCreator.h */ = {isa = PBXFileReference; fileEncoding = 4; lastKnownFileType = sourcecode.c.h; path = InputEventCreatorCreator.h; sourceTree = "<group>"; };
		00ADB3131383705300064651 /* InputEventCreatorCreator.m */ = {isa = PBXFileReference; fileEncoding = 4; lastKnownFileType = sourcecode.c.objc; path = InputEventCreatorCreator.m; sourceTree = "<group>"; };
		00ADB31513842FC700064651 /* CashFlowInput.h */ = {isa = PBXFileReference; fileEncoding = 4; lastKnownFileType = sourcecode.c.h; path = CashFlowInput.h; sourceTree = "<group>"; };
		00ADB31613842FC800064651 /* CashFlowInput.m */ = {isa = PBXFileReference; fileEncoding = 4; lastKnownFileType = sourcecode.c.objc; path = CashFlowInput.m; sourceTree = "<group>"; };
		00ADB3181384330600064651 /* IncomeInput.h */ = {isa = PBXFileReference; fileEncoding = 4; lastKnownFileType = sourcecode.c.h; path = IncomeInput.h; sourceTree = "<group>"; };
		00ADB3191384330700064651 /* IncomeInput.m */ = {isa = PBXFileReference; fileEncoding = 4; lastKnownFileType = sourcecode.c.objc; path = IncomeInput.m; sourceTree = "<group>"; };
		00ADB31B13844F6F00064651 /* InputTypeSelectionViewController.h */ = {isa = PBXFileReference; fileEncoding = 4; lastKnownFileType = sourcecode.c.h; path = InputTypeSelectionViewController.h; sourceTree = "<group>"; };
		00ADB31C13844F7000064651 /* InputTypeSelectionViewController.m */ = {isa = PBXFileReference; fileEncoding = 4; lastKnownFileType = sourcecode.c.objc; path = InputTypeSelectionViewController.m; sourceTree = "<group>"; };
		00ADB3201384520E00064651 /* InputTypeSelectionInfo.h */ = {isa = PBXFileReference; fileEncoding = 4; lastKnownFileType = sourcecode.c.h; path = InputTypeSelectionInfo.h; sourceTree = "<group>"; };
		00ADB3211384520F00064651 /* InputTypeSelectionInfo.m */ = {isa = PBXFileReference; fileEncoding = 4; lastKnownFileType = sourcecode.c.objc; path = InputTypeSelectionInfo.m; sourceTree = "<group>"; };
		00F42095137B510A00980A88 /* EventRepeater.h */ = {isa = PBXFileReference; fileEncoding = 4; lastKnownFileType = sourcecode.c.h; path = EventRepeater.h; sourceTree = "<group>"; };
		00F42096137B510A00980A88 /* EventRepeater.m */ = {isa = PBXFileReference; fileEncoding = 4; lastKnownFileType = sourcecode.c.objc; path = EventRepeater.m; sourceTree = "<group>"; };
		00F4209D137DB78700980A88 /* FieldEditInfo.h */ = {isa = PBXFileReference; fileEncoding = 4; lastKnownFileType = sourcecode.c.h; path = FieldEditInfo.h; sourceTree = "<group>"; };
		00F4209E137DC04800980A88 /* DateFieldEditInfo.h */ = {isa = PBXFileReference; fileEncoding = 4; lastKnownFileType = sourcecode.c.h; path = DateFieldEditInfo.h; sourceTree = "<group>"; };
		00F4209F137DC04800980A88 /* DateFieldEditInfo.m */ = {isa = PBXFileReference; fileEncoding = 4; lastKnownFileType = sourcecode.c.objc; path = DateFieldEditInfo.m; sourceTree = "<group>"; };
		00F420A1137DD45500980A88 /* NumberFieldEditInfo.h */ = {isa = PBXFileReference; fileEncoding = 4; lastKnownFileType = sourcecode.c.h; path = NumberFieldEditInfo.h; sourceTree = "<group>"; };
		00F420A2137DD45500980A88 /* NumberFieldEditInfo.m */ = {isa = PBXFileReference; fileEncoding = 4; lastKnownFileType = sourcecode.c.objc; path = NumberFieldEditInfo.m; sourceTree = "<group>"; };
		00F420A4137DD5C000980A88 /* TextFieldEditInfo.h */ = {isa = PBXFileReference; fileEncoding = 4; lastKnownFileType = sourcecode.c.h; path = TextFieldEditInfo.h; sourceTree = "<group>"; };
		00F420A5137DD5C100980A88 /* TextFieldEditInfo.m */ = {isa = PBXFileReference; fileEncoding = 4; lastKnownFileType = sourcecode.c.objc; path = TextFieldEditInfo.m; sourceTree = "<group>"; };
		00F420A7137DDBCE00980A88 /* ManagedObjectFieldInfo.h */ = {isa = PBXFileReference; fileEncoding = 4; lastKnownFileType = sourcecode.c.h; path = ManagedObjectFieldInfo.h; sourceTree = "<group>"; };
		00F420A8137DDBCF00980A88 /* ManagedObjectFieldInfo.m */ = {isa = PBXFileReference; fileEncoding = 4; lastKnownFileType = sourcecode.c.objc; path = ManagedObjectFieldInfo.m; sourceTree = "<group>"; };
/* End PBXFileReference section */

/* Begin PBXFrameworksBuildPhase section */
		00A36BCE136C6CAE008A5C4C /* Frameworks */ = {
			isa = PBXFrameworksBuildPhase;
			buildActionMask = 2147483647;
			files = (
				00A36BD6136C6CAE008A5C4C /* UIKit.framework in Frameworks */,
				00A36BD8136C6CAE008A5C4C /* Foundation.framework in Frameworks */,
				00A36BDA136C6CAE008A5C4C /* CoreGraphics.framework in Frameworks */,
				004F5D07136F170500E0C4A3 /* CoreData.framework in Frameworks */,
			);
			runOnlyForDeploymentPostprocessing = 0;
		};
		00A36BF7136C6CAE008A5C4C /* Frameworks */ = {
			isa = PBXFrameworksBuildPhase;
			buildActionMask = 2147483647;
			files = (
				00A36BFC136C6CAE008A5C4C /* UIKit.framework in Frameworks */,
				00A36BFD136C6CAE008A5C4C /* Foundation.framework in Frameworks */,
				00A36BFE136C6CAE008A5C4C /* CoreGraphics.framework in Frameworks */,
			);
			runOnlyForDeploymentPostprocessing = 0;
		};
/* End PBXFrameworksBuildPhase section */

/* Begin PBXGroup section */
		003AD12D138AC83000CB3CB5 /* Helper */ = {
			isa = PBXGroup;
			children = (
				003AD12E138AC84F00CB3CB5 /* CollectionHelper.h */,
				003AD12F138AC84F00CB3CB5 /* CollectionHelper.m */,
				003AD131138ACBE800CB3CB5 /* StringValidation.h */,
				003AD132138ACBE800CB3CB5 /* StringValidation.m */,
				003AD134138AD88400CB3CB5 /* TableViewHelper.h */,
				003AD135138AD88400CB3CB5 /* TableViewHelper.m */,
				003AD137138AF55C00CB3CB5 /* NumberHelper.h */,
				003AD138138AF55C00CB3CB5 /* NumberHelper.m */,
			);
			name = Helper;
			sourceTree = "<group>";
		};
		004F5D511371B34800E0C4A3 /* Field Editors */ = {
			isa = PBXGroup;
			children = (
				00ADB2FB1381C1DC00064651 /* GenericFieldBasedTableEditViewController.h */,
				00ADB2FC1381C1DD00064651 /* GenericFieldBasedTableEditViewController.m */,
				004F5D571371B3C100E0C4A3 /* DateFieldEditViewController.h */,
				004F5D581371B3C100E0C4A3 /* DateFieldEditViewController.m */,
				004F5D591371B3C100E0C4A3 /* DateFieldEditViewController.xib */,
				004F5D5C1371BE6B00E0C4A3 /* TextFieldEditViewController.h */,
				004F5D5D1371BE6B00E0C4A3 /* TextFieldEditViewController.m */,
				004F5D5E1371BE6C00E0C4A3 /* TextFieldEditViewController.xib */,
				004F5D611371DD0900E0C4A3 /* NumberFieldEditViewController.h */,
				004F5D621371DD0900E0C4A3 /* NumberFieldEditViewController.m */,
				004F5D631371DD0900E0C4A3 /* NumberFieldEditViewController.xib */,
				00F4209D137DB78700980A88 /* FieldEditInfo.h */,
				00ADB2EF138199BB00064651 /* ManagedObjectFieldEditInfo.h */,
				00ADB2F0138199BB00064651 /* ManagedObjectFieldEditInfo.m */,
				00F4209E137DC04800980A88 /* DateFieldEditInfo.h */,
				00F4209F137DC04800980A88 /* DateFieldEditInfo.m */,
				00F420A1137DD45500980A88 /* NumberFieldEditInfo.h */,
				00F420A2137DD45500980A88 /* NumberFieldEditInfo.m */,
				00F420A4137DD5C000980A88 /* TextFieldEditInfo.h */,
				00F420A5137DD5C100980A88 /* TextFieldEditInfo.m */,
				00F420A7137DDBCE00980A88 /* ManagedObjectFieldInfo.h */,
				00F420A8137DDBCF00980A88 /* ManagedObjectFieldInfo.m */,
				00ADB2F213819ED400064651 /* FieldEditViewController.h */,
				00ADB2F313819ED500064651 /* FieldEditViewController.m */,
				00ADB2F51381B33800064651 /* FieldEditTableViewController.h */,
				00ADB2F61381B33900064651 /* FieldEditTableViewController.m */,
				003AD14A138C352100CB3CB5 /* TextFieldCell.h */,
				003AD14B138C352100CB3CB5 /* TextFieldCell.m */,
				003AD14D138C354700CB3CB5 /* TextFieldCell.xib */,
				003AD14F138C6CA600CB3CB5 /* NumberFieldCell.xib */,
				003AD151138C6D2400CB3CB5 /* NumberFieldCell.h */,
				003AD152138C6D2600CB3CB5 /* NumberFieldCell.m */,
			);
			name = "Field Editors";
			sourceTree = "<group>";
		};
		004F5D6E1373170C00E0C4A3 /* Application */ = {
			isa = PBXGroup;
			children = (
				00A36BE4136C6CAE008A5C4C /* Retirement_SimulatorAppDelegate.h */,
				00A36BE5136C6CAE008A5C4C /* Retirement_SimulatorAppDelegate.m */,
				00A36BE7136C6CAE008A5C4C /* MainWindow.xib */,
			);
			name = Application;
			sourceTree = "<group>";
		};
		004F5D6F1373175D00E0C4A3 /* Input Views */ = {
			isa = PBXGroup;
			children = (
				00A36C14136D9723008A5C4C /* InputViewController.h */,
				00A36C15136D9723008A5C4C /* InputViewController.m */,
				00A36C16136D9723008A5C4C /* InputViewController.xib */,
				005731F61379D42B008D13C1 /* RepeatFrequencyEditViewController.h */,
				005731F71379D42B008D13C1 /* RepeatFrequencyEditViewController.m */,
				00ADB2EB138191B700064651 /* RepeatFrequencyFieldEditInfo.h */,
				00ADB2EC138191B700064651 /* RepeatFrequencyFieldEditInfo.m */,
				00ADB3011382D1BE00064651 /* DetailInputViewCreator.h */,
				00ADB3021382D1BE00064651 /* DetailInputViewCreator.m */,
				00ADB31B13844F6F00064651 /* InputTypeSelectionViewController.h */,
				00ADB31C13844F7000064651 /* InputTypeSelectionViewController.m */,
				00ADB3201384520E00064651 /* InputTypeSelectionInfo.h */,
				00ADB3211384520F00064651 /* InputTypeSelectionInfo.m */,
				00637A831385D824001E02F1 /* DateSensitiveValueFieldEditInfo.h */,
				00637A841385D824001E02F1 /* DateSensitiveValueFieldEditInfo.m */,
				00637A861385DCF2001E02F1 /* DateSensitiveValueFieldEditViewController.h */,
				00637A871385DCF2001E02F1 /* DateSensitiveValueFieldEditViewController.m */,
				003AD12A138ABF7D00CB3CB5 /* VariableValueViewController.h */,
				003AD12B138ABF7D00CB3CB5 /* VariableValueViewController.m */,
			);
			name = "Input Views";
			sourceTree = "<group>";
		};
		004F5D701373188900E0C4A3 /* Results View */ = {
			isa = PBXGroup;
			children = (
				004F5D711373191600E0C4A3 /* ResultsViewController.h */,
				004F5D721373191600E0C4A3 /* ResultsViewController.m */,
				004F5D731373191600E0C4A3 /* ResultsViewController.xib */,
			);
			name = "Results View";
			sourceTree = "<group>";
		};
		004F5D7613731A4F00E0C4A3 /* Data Model */ = {
			isa = PBXGroup;
			children = (
				00ADB30F1383220E00064651 /* DataModel.xcdatamodeld */,
				004F5D0C136F52D200E0C4A3 /* DataModelController.h */,
				004F5D0D136F52D200E0C4A3 /* DataModelController.m */,
				004F5D0F13706F7100E0C4A3 /* Input.h */,
				004F5D1013706F7100E0C4A3 /* Input.m */,
				004F5D22137079AD00E0C4A3 /* ExpenseInput.h */,
				004F5D23137079AD00E0C4A3 /* ExpenseInput.m */,
				005731F31379AFBF008D13C1 /* EventRepeatFrequency.h */,
				005731F41379AFC0008D13C1 /* EventRepeatFrequency.m */,
				00ADB3001382CB2B00064651 /* InputVisitor.h */,
				00ADB31513842FC700064651 /* CashFlowInput.h */,
				00ADB31613842FC800064651 /* CashFlowInput.m */,
				00ADB3181384330600064651 /* IncomeInput.h */,
				00ADB3191384330700064651 /* IncomeInput.m */,
				00637A771385D4BC001E02F1 /* DateSensitiveValue.h */,
				00637A781385D4BC001E02F1 /* DateSensitiveValue.m */,
				00637A7A1385D4D9001E02F1 /* DateSensitiveValueChange.h */,
				00637A7B1385D4D9001E02F1 /* DateSensitiveValueChange.m */,
				00637A7D1385D4FA001E02F1 /* VariableValue.h */,
				00637A7E1385D4FA001E02F1 /* VariableValue.m */,
				00637A801385D509001E02F1 /* FixedValue.h */,
				00637A811385D509001E02F1 /* FixedValue.m */,
				00637A891386D999001E02F1 /* InflationRate.h */,
				00637A8A1386D99A001E02F1 /* InflationRate.m */,
			);
			name = "Data Model";
			sourceTree = "<group>";
		};
		004F5D7713732CA300E0C4A3 /* Simulator Engine */ = {
			isa = PBXGroup;
			children = (
				004F5D791373376900E0C4A3 /* SimEventCreator.h */,
				004F5D7A137337F700E0C4A3 /* SimEvent.h */,
				004F5D7E13733BC100E0C4A3 /* SimEngine.h */,
				004F5D7F13733BC100E0C4A3 /* SimEngine.m */,
			);
			name = "Simulator Engine";
			sourceTree = "<group>";
		};
		005731EC137874A1008D13C1 /* Simulator Inputs */ = {
			isa = PBXGroup;
			children = (
				005731ED13787AFD008D13C1 /* CashFlowSimEventCreator.h */,
				005731EE13787AFD008D13C1 /* CashFlowSimEventCreator.m */,
				005731F013787E37008D13C1 /* CashFlowInputSimEvent.h */,
				005731F113787E37008D13C1 /* CashFlowInputSimEvent.m */,
				00F42095137B510A00980A88 /* EventRepeater.h */,
				00F42096137B510A00980A88 /* EventRepeater.m */,
				00ADB3121383705200064651 /* InputEventCreatorCreator.h */,
				00ADB3131383705300064651 /* InputEventCreatorCreator.m */,
			);
			name = "Simulator Inputs";
			sourceTree = "<group>";
		};
		00A36BC6136C6CAD008A5C4C = {
			isa = PBXGroup;
			children = (
				00A36BDB136C6CAE008A5C4C /* Retirement Simulator */,
				00A36C01136C6CAE008A5C4C /* Retirement SimulatorTests */,
				00A36BD4136C6CAE008A5C4C /* Frameworks */,
				00A36BD2136C6CAE008A5C4C /* Products */,
			);
			sourceTree = "<group>";
		};
		00A36BD2136C6CAE008A5C4C /* Products */ = {
			isa = PBXGroup;
			children = (
				00A36BD1136C6CAE008A5C4C /* Retirement Simulator.app */,
				00A36BFB136C6CAE008A5C4C /* Retirement SimulatorTests.octest */,
			);
			name = Products;
			sourceTree = "<group>";
		};
		00A36BD4136C6CAE008A5C4C /* Frameworks */ = {
			isa = PBXGroup;
			children = (
				004F5D06136F170500E0C4A3 /* CoreData.framework */,
				00A36BD5136C6CAE008A5C4C /* UIKit.framework */,
				00A36BD7136C6CAE008A5C4C /* Foundation.framework */,
				00A36BD9136C6CAE008A5C4C /* CoreGraphics.framework */,
			);
			name = Frameworks;
			sourceTree = "<group>";
		};
		00A36BDB136C6CAE008A5C4C /* Retirement Simulator */ = {
			isa = PBXGroup;
			children = (
				003AD12D138AC83000CB3CB5 /* Helper */,
				005731EC137874A1008D13C1 /* Simulator Inputs */,
				004F5D7713732CA300E0C4A3 /* Simulator Engine */,
				004F5D7613731A4F00E0C4A3 /* Data Model */,
				004F5D701373188900E0C4A3 /* Results View */,
				004F5D6F1373175D00E0C4A3 /* Input Views */,
				004F5D6E1373170C00E0C4A3 /* Application */,
				004F5D511371B34800E0C4A3 /* Field Editors */,
				00A36BDC136C6CAE008A5C4C /* Supporting Files */,
			);
			path = "Retirement Simulator";
			sourceTree = "<group>";
		};
		00A36BDC136C6CAE008A5C4C /* Supporting Files */ = {
			isa = PBXGroup;
			children = (
				00A36BDD136C6CAE008A5C4C /* Retirement Simulator-Info.plist */,
				00A36BDE136C6CAE008A5C4C /* InfoPlist.strings */,
				00A36BE1136C6CAE008A5C4C /* Retirement Simulator-Prefix.pch */,
				00A36BE2136C6CAE008A5C4C /* main.m */,
			);
			name = "Supporting Files";
			sourceTree = "<group>";
		};
		00A36C01136C6CAE008A5C4C /* Retirement SimulatorTests */ = {
			isa = PBXGroup;
			children = (
				00A36C08136C6CAE008A5C4C /* Retirement_SimulatorTests.h */,
				00A36C0A136C6CAE008A5C4C /* Retirement_SimulatorTests.m */,
				00A36C02136C6CAE008A5C4C /* Supporting Files */,
				004F5D891374566200E0C4A3 /* TestSimEngine.h */,
				004F5D8A1374566200E0C4A3 /* TestSimEngine.m */,
				004F5D8C13745ADB00E0C4A3 /* TestSimEventCreator.h */,
				004F5D8D13745ADC00E0C4A3 /* TestSimEventCreator.m */,
				004F5D9513749AB300E0C4A3 /* TestSimEvent.h */,
				004F5D9613749AB300E0C4A3 /* TestSimEvent.m */,
			);
			path = "Retirement SimulatorTests";
			sourceTree = "<group>";
		};
		00A36C02136C6CAE008A5C4C /* Supporting Files */ = {
			isa = PBXGroup;
			children = (
				00A36C03136C6CAE008A5C4C /* Retirement SimulatorTests-Info.plist */,
				00A36C04136C6CAE008A5C4C /* InfoPlist.strings */,
				00A36C07136C6CAE008A5C4C /* Retirement SimulatorTests-Prefix.pch */,
			);
			name = "Supporting Files";
			sourceTree = "<group>";
		};
/* End PBXGroup section */

/* Begin PBXNativeTarget section */
		00A36BD0136C6CAE008A5C4C /* Retirement Simulator */ = {
			isa = PBXNativeTarget;
			buildConfigurationList = 00A36C0E136C6CAE008A5C4C /* Build configuration list for PBXNativeTarget "Retirement Simulator" */;
			buildPhases = (
				00A36BCD136C6CAE008A5C4C /* Sources */,
				00A36BCE136C6CAE008A5C4C /* Frameworks */,
				00A36BCF136C6CAE008A5C4C /* Resources */,
			);
			buildRules = (
			);
			dependencies = (
			);
			name = "Retirement Simulator";
			productName = "Retirement Simulator";
			productReference = 00A36BD1136C6CAE008A5C4C /* Retirement Simulator.app */;
			productType = "com.apple.product-type.application";
		};
		00A36BFA136C6CAE008A5C4C /* Retirement SimulatorTests */ = {
			isa = PBXNativeTarget;
			buildConfigurationList = 00A36C11136C6CAE008A5C4C /* Build configuration list for PBXNativeTarget "Retirement SimulatorTests" */;
			buildPhases = (
				00A36BF6136C6CAE008A5C4C /* Sources */,
				00A36BF7136C6CAE008A5C4C /* Frameworks */,
				00A36BF8136C6CAE008A5C4C /* Resources */,
				00A36BF9136C6CAE008A5C4C /* ShellScript */,
			);
			buildRules = (
			);
			dependencies = (
				00A36C00136C6CAE008A5C4C /* PBXTargetDependency */,
			);
			name = "Retirement SimulatorTests";
			productName = "Retirement SimulatorTests";
			productReference = 00A36BFB136C6CAE008A5C4C /* Retirement SimulatorTests.octest */;
			productType = "com.apple.product-type.bundle";
		};
/* End PBXNativeTarget section */

/* Begin PBXProject section */
		00A36BC8136C6CAD008A5C4C /* Project object */ = {
			isa = PBXProject;
			buildConfigurationList = 00A36BCB136C6CAD008A5C4C /* Build configuration list for PBXProject "Retirement Simulator" */;
			compatibilityVersion = "Xcode 3.2";
			developmentRegion = English;
			hasScannedForEncodings = 0;
			knownRegions = (
				en,
			);
			mainGroup = 00A36BC6136C6CAD008A5C4C;
			productRefGroup = 00A36BD2136C6CAE008A5C4C /* Products */;
			projectDirPath = "";
			projectRoot = "";
			targets = (
				00A36BD0136C6CAE008A5C4C /* Retirement Simulator */,
				00A36BFA136C6CAE008A5C4C /* Retirement SimulatorTests */,
			);
		};
/* End PBXProject section */

/* Begin PBXResourcesBuildPhase section */
		00A36BCF136C6CAE008A5C4C /* Resources */ = {
			isa = PBXResourcesBuildPhase;
			buildActionMask = 2147483647;
			files = (
				00A36BE0136C6CAE008A5C4C /* InfoPlist.strings in Resources */,
				00A36BE9136C6CAE008A5C4C /* MainWindow.xib in Resources */,
				00A36C18136D9723008A5C4C /* InputViewController.xib in Resources */,
				004F5D5B1371B3C100E0C4A3 /* DateFieldEditViewController.xib in Resources */,
				004F5D601371BE6C00E0C4A3 /* TextFieldEditViewController.xib in Resources */,
				004F5D651371DD0A00E0C4A3 /* NumberFieldEditViewController.xib in Resources */,
				004F5D751373191600E0C4A3 /* ResultsViewController.xib in Resources */,
				003AD14E138C354800CB3CB5 /* TextFieldCell.xib in Resources */,
				003AD150138C6CA900CB3CB5 /* NumberFieldCell.xib in Resources */,
			);
			runOnlyForDeploymentPostprocessing = 0;
		};
		00A36BF8136C6CAE008A5C4C /* Resources */ = {
			isa = PBXResourcesBuildPhase;
			buildActionMask = 2147483647;
			files = (
				00A36C06136C6CAE008A5C4C /* InfoPlist.strings in Resources */,
				00A36C09136C6CAE008A5C4C /* Retirement_SimulatorTests.h in Resources */,
			);
			runOnlyForDeploymentPostprocessing = 0;
		};
/* End PBXResourcesBuildPhase section */

/* Begin PBXShellScriptBuildPhase section */
		00A36BF9136C6CAE008A5C4C /* ShellScript */ = {
			isa = PBXShellScriptBuildPhase;
			buildActionMask = 2147483647;
			files = (
			);
			inputPaths = (
			);
			outputPaths = (
			);
			runOnlyForDeploymentPostprocessing = 0;
			shellPath = /bin/sh;
			shellScript = "# Run the unit tests in this test bundle.\n\"${SYSTEM_DEVELOPER_DIR}/Tools/RunUnitTests\"\n";
		};
/* End PBXShellScriptBuildPhase section */

/* Begin PBXSourcesBuildPhase section */
		00A36BCD136C6CAE008A5C4C /* Sources */ = {
			isa = PBXSourcesBuildPhase;
			buildActionMask = 2147483647;
			files = (
				00A36BE3136C6CAE008A5C4C /* main.m in Sources */,
				00A36BE6136C6CAE008A5C4C /* Retirement_SimulatorAppDelegate.m in Sources */,
				00A36C17136D9723008A5C4C /* InputViewController.m in Sources */,
				004F5D0E136F52D200E0C4A3 /* DataModelController.m in Sources */,
				004F5D1113706F7100E0C4A3 /* Input.m in Sources */,
				004F5D24137079AD00E0C4A3 /* ExpenseInput.m in Sources */,
				004F5D5A1371B3C100E0C4A3 /* DateFieldEditViewController.m in Sources */,
				004F5D5F1371BE6C00E0C4A3 /* TextFieldEditViewController.m in Sources */,
				004F5D641371DD0A00E0C4A3 /* NumberFieldEditViewController.m in Sources */,
				004F5D741373191600E0C4A3 /* ResultsViewController.m in Sources */,
				004F5D8013733BC100E0C4A3 /* SimEngine.m in Sources */,
				005731EF13787AFD008D13C1 /* CashFlowSimEventCreator.m in Sources */,
				005731F213787E37008D13C1 /* CashFlowInputSimEvent.m in Sources */,
				005731F51379AFC0008D13C1 /* EventRepeatFrequency.m in Sources */,
				005731F91379D42B008D13C1 /* RepeatFrequencyEditViewController.m in Sources */,
				00F42097137B510A00980A88 /* EventRepeater.m in Sources */,
				00F420A0137DC04900980A88 /* DateFieldEditInfo.m in Sources */,
				00F420A3137DD45500980A88 /* NumberFieldEditInfo.m in Sources */,
				00F420A6137DD5C100980A88 /* TextFieldEditInfo.m in Sources */,
				00F420A9137DDBD000980A88 /* ManagedObjectFieldInfo.m in Sources */,
				00ADB2ED138191B700064651 /* RepeatFrequencyFieldEditInfo.m in Sources */,
				00ADB2F1138199BC00064651 /* ManagedObjectFieldEditInfo.m in Sources */,
				00ADB2F413819ED500064651 /* FieldEditViewController.m in Sources */,
				00ADB2F71381B33A00064651 /* FieldEditTableViewController.m in Sources */,
				00ADB2FE1381C1E000064651 /* GenericFieldBasedTableEditViewController.m in Sources */,
				00ADB3031382D1BF00064651 /* DetailInputViewCreator.m in Sources */,
				00ADB3111383220E00064651 /* DataModel.xcdatamodeld in Sources */,
				00ADB3141383705300064651 /* InputEventCreatorCreator.m in Sources */,
				00ADB31713842FCA00064651 /* CashFlowInput.m in Sources */,
				00ADB31A1384330800064651 /* IncomeInput.m in Sources */,
				00ADB31E13844F7100064651 /* InputTypeSelectionViewController.m in Sources */,
				00ADB3221384521000064651 /* InputTypeSelectionInfo.m in Sources */,
				00637A791385D4BC001E02F1 /* DateSensitiveValue.m in Sources */,
				00637A7C1385D4D9001E02F1 /* DateSensitiveValueChange.m in Sources */,
				00637A7F1385D4FA001E02F1 /* VariableValue.m in Sources */,
				00637A821385D509001E02F1 /* FixedValue.m in Sources */,
				00637A851385D824001E02F1 /* DateSensitiveValueFieldEditInfo.m in Sources */,
				00637A881385DCF2001E02F1 /* DateSensitiveValueFieldEditViewController.m in Sources */,
				00637A8B1386D99A001E02F1 /* InflationRate.m in Sources */,
				003AD12C138ABF7D00CB3CB5 /* VariableValueViewController.m in Sources */,
				003AD130138AC84F00CB3CB5 /* CollectionHelper.m in Sources */,
				003AD133138ACBE800CB3CB5 /* StringValidation.m in Sources */,
				003AD136138AD88400CB3CB5 /* TableViewHelper.m in Sources */,
				003AD139138AF55D00CB3CB5 /* NumberHelper.m in Sources */,
				003AD14C138C352200CB3CB5 /* TextFieldCell.m in Sources */,
				003AD153138C6D2800CB3CB5 /* NumberFieldCell.m in Sources */,
			);
			runOnlyForDeploymentPostprocessing = 0;
		};
		00A36BF6136C6CAE008A5C4C /* Sources */ = {
			isa = PBXSourcesBuildPhase;
			buildActionMask = 2147483647;
			files = (
				00A36C0B136C6CAE008A5C4C /* Retirement_SimulatorTests.m in Sources */,
				004F5D8B1374566200E0C4A3 /* TestSimEngine.m in Sources */,
				004F5D8E13745ADC00E0C4A3 /* TestSimEventCreator.m in Sources */,
				004F5D9713749AB300E0C4A3 /* TestSimEvent.m in Sources */,
			);
			runOnlyForDeploymentPostprocessing = 0;
		};
/* End PBXSourcesBuildPhase section */

/* Begin PBXTargetDependency section */
		00A36C00136C6CAE008A5C4C /* PBXTargetDependency */ = {
			isa = PBXTargetDependency;
			target = 00A36BD0136C6CAE008A5C4C /* Retirement Simulator */;
			targetProxy = 00A36BFF136C6CAE008A5C4C /* PBXContainerItemProxy */;
		};
/* End PBXTargetDependency section */

/* Begin PBXVariantGroup section */
		00A36BDE136C6CAE008A5C4C /* InfoPlist.strings */ = {
			isa = PBXVariantGroup;
			children = (
				00A36BDF136C6CAE008A5C4C /* en */,
			);
			name = InfoPlist.strings;
			sourceTree = "<group>";
		};
		00A36BE7136C6CAE008A5C4C /* MainWindow.xib */ = {
			isa = PBXVariantGroup;
			children = (
				00A36BE8136C6CAE008A5C4C /* en */,
			);
			name = MainWindow.xib;
			sourceTree = "<group>";
		};
		00A36C04136C6CAE008A5C4C /* InfoPlist.strings */ = {
			isa = PBXVariantGroup;
			children = (
				00A36C05136C6CAE008A5C4C /* en */,
			);
			name = InfoPlist.strings;
			sourceTree = "<group>";
		};
/* End PBXVariantGroup section */

/* Begin XCBuildConfiguration section */
		00A36C0C136C6CAE008A5C4C /* Debug */ = {
			isa = XCBuildConfiguration;
			buildSettings = {
				ARCHS = "$(ARCHS_STANDARD_32_BIT)";
				"CODE_SIGN_IDENTITY[sdk=iphoneos*]" = "iPhone Developer";
				GCC_C_LANGUAGE_STANDARD = gnu99;
				GCC_OPTIMIZATION_LEVEL = 0;
				GCC_PREPROCESSOR_DEFINITIONS = DEBUG;
				GCC_SYMBOLS_PRIVATE_EXTERN = NO;
				GCC_VERSION = com.apple.compilers.llvmgcc42;
				GCC_WARN_ABOUT_RETURN_TYPE = YES;
				GCC_WARN_UNUSED_VARIABLE = YES;
				IPHONEOS_DEPLOYMENT_TARGET = 4.3;
				SDKROOT = iphoneos;
			};
			name = Debug;
		};
		00A36C0D136C6CAE008A5C4C /* Release */ = {
			isa = XCBuildConfiguration;
			buildSettings = {
				ARCHS = "$(ARCHS_STANDARD_32_BIT)";
				"CODE_SIGN_IDENTITY[sdk=iphoneos*]" = "iPhone Developer";
				GCC_C_LANGUAGE_STANDARD = gnu99;
				GCC_VERSION = com.apple.compilers.llvmgcc42;
				GCC_WARN_ABOUT_RETURN_TYPE = YES;
				GCC_WARN_UNUSED_VARIABLE = YES;
				IPHONEOS_DEPLOYMENT_TARGET = 4.3;
				OTHER_CFLAGS = "-DNS_BLOCK_ASSERTIONS=1";
				SDKROOT = iphoneos;
			};
			name = Release;
		};
		00A36C0F136C6CAE008A5C4C /* Debug */ = {
			isa = XCBuildConfiguration;
			buildSettings = {
				ALWAYS_SEARCH_USER_PATHS = NO;
				COPY_PHASE_STRIP = NO;
				GCC_DYNAMIC_NO_PIC = NO;
				GCC_PRECOMPILE_PREFIX_HEADER = YES;
				GCC_PREFIX_HEADER = "Retirement Simulator/Retirement Simulator-Prefix.pch";
				INFOPLIST_FILE = "Retirement Simulator/Retirement Simulator-Info.plist";
				PRODUCT_NAME = "$(TARGET_NAME)";
				WRAPPER_EXTENSION = app;
			};
			name = Debug;
		};
		00A36C10136C6CAE008A5C4C /* Release */ = {
			isa = XCBuildConfiguration;
			buildSettings = {
				ALWAYS_SEARCH_USER_PATHS = NO;
				COPY_PHASE_STRIP = YES;
				GCC_PRECOMPILE_PREFIX_HEADER = YES;
				GCC_PREFIX_HEADER = "Retirement Simulator/Retirement Simulator-Prefix.pch";
				INFOPLIST_FILE = "Retirement Simulator/Retirement Simulator-Info.plist";
				PRODUCT_NAME = "$(TARGET_NAME)";
				VALIDATE_PRODUCT = YES;
				WRAPPER_EXTENSION = app;
			};
			name = Release;
		};
		00A36C12136C6CAE008A5C4C /* Debug */ = {
			isa = XCBuildConfiguration;
			buildSettings = {
				ALWAYS_SEARCH_USER_PATHS = NO;
				BUNDLE_LOADER = "$(BUILT_PRODUCTS_DIR)/Retirement Simulator.app/Retirement Simulator";
				FRAMEWORK_SEARCH_PATHS = (
					"$(SDKROOT)/Developer/Library/Frameworks",
					"$(DEVELOPER_LIBRARY_DIR)/Frameworks",
				);
				GCC_PRECOMPILE_PREFIX_HEADER = YES;
				GCC_PREFIX_HEADER = "Retirement SimulatorTests/Retirement SimulatorTests-Prefix.pch";
				INFOPLIST_FILE = "Retirement SimulatorTests/Retirement SimulatorTests-Info.plist";
				OTHER_LDFLAGS = (
					"-framework",
					SenTestingKit,
				);
				PRODUCT_NAME = "$(TARGET_NAME)";
				TEST_HOST = "$(BUNDLE_LOADER)";
				WRAPPER_EXTENSION = octest;
			};
			name = Debug;
		};
		00A36C13136C6CAE008A5C4C /* Release */ = {
			isa = XCBuildConfiguration;
			buildSettings = {
				ALWAYS_SEARCH_USER_PATHS = NO;
				BUNDLE_LOADER = "$(BUILT_PRODUCTS_DIR)/Retirement Simulator.app/Retirement Simulator";
				FRAMEWORK_SEARCH_PATHS = (
					"$(SDKROOT)/Developer/Library/Frameworks",
					"$(DEVELOPER_LIBRARY_DIR)/Frameworks",
				);
				GCC_PRECOMPILE_PREFIX_HEADER = YES;
				GCC_PREFIX_HEADER = "Retirement SimulatorTests/Retirement SimulatorTests-Prefix.pch";
				INFOPLIST_FILE = "Retirement SimulatorTests/Retirement SimulatorTests-Info.plist";
				OTHER_LDFLAGS = (
					"-framework",
					SenTestingKit,
				);
				PRODUCT_NAME = "$(TARGET_NAME)";
				TEST_HOST = "$(BUNDLE_LOADER)";
				WRAPPER_EXTENSION = octest;
			};
			name = Release;
		};
/* End XCBuildConfiguration section */

/* Begin XCConfigurationList section */
		00A36BCB136C6CAD008A5C4C /* Build configuration list for PBXProject "Retirement Simulator" */ = {
			isa = XCConfigurationList;
			buildConfigurations = (
				00A36C0C136C6CAE008A5C4C /* Debug */,
				00A36C0D136C6CAE008A5C4C /* Release */,
			);
			defaultConfigurationIsVisible = 0;
			defaultConfigurationName = Release;
		};
		00A36C0E136C6CAE008A5C4C /* Build configuration list for PBXNativeTarget "Retirement Simulator" */ = {
			isa = XCConfigurationList;
			buildConfigurations = (
				00A36C0F136C6CAE008A5C4C /* Debug */,
				00A36C10136C6CAE008A5C4C /* Release */,
			);
			defaultConfigurationIsVisible = 0;
			defaultConfigurationName = Release;
		};
		00A36C11136C6CAE008A5C4C /* Build configuration list for PBXNativeTarget "Retirement SimulatorTests" */ = {
			isa = XCConfigurationList;
			buildConfigurations = (
				00A36C12136C6CAE008A5C4C /* Debug */,
				00A36C13136C6CAE008A5C4C /* Release */,
			);
			defaultConfigurationIsVisible = 0;
			defaultConfigurationName = Release;
		};
/* End XCConfigurationList section */

/* Begin XCVersionGroup section */
		00ADB30F1383220E00064651 /* DataModel.xcdatamodeld */ = {
			isa = XCVersionGroup;
			children = (
				00ADB3101383220E00064651 /* DataModel.xcdatamodel */,
			);
			currentVersion = 00ADB3101383220E00064651 /* DataModel.xcdatamodel */;
			path = DataModel.xcdatamodeld;
			sourceTree = "<group>";
			versionGroupType = wrapper.xcdatamodel;
		};
/* End XCVersionGroup section */
	};
	rootObject = 00A36BC8136C6CAD008A5C4C /* Project object */;
}
